
Microsoft Visual Studio Solution File, Format Version 12.00
# Visual Studio Version 17
VisualStudioVersion = 17.13.35825.156 d17.13
MinimumVisualStudioVersion = 10.0.40219.1
Project("{FAE04EC0-301F-11D3-BF4B-00C04F79EFBC}") = "Product_Api", "Product_Api\Product_Api.csproj", "{F247AC50-2542-453A-AA82-C66D569418EA}"
EndProject
Global
	GlobalSection(SolutionConfigurationPlatforms) = preSolution
		Debug|Any CPU = Debug|Any CPU
		Release|Any CPU = Release|Any CPU
	EndGlobalSection
	GlobalSection(ProjectConfigurationPlatforms) = postSolution
		{F247AC50-2542-453A-AA82-C66D569418EA}.Debug|Any CPU.ActiveCfg = Debug|Any CPU
		{F247AC50-2542-453A-AA82-C66D569418EA}.Debug|Any CPU.Build.0 = Debug|Any CPU
		{F247AC50-2542-453A-AA82-C66D569418EA}.Release|Any CPU.ActiveCfg = Release|Any CPU
		{F247AC50-2542-453A-AA82-C66D569418EA}.Release|Any CPU.Build.0 = Release|Any CPU
	EndGlobalSection
	GlobalSection(SolutionProperties) = preSolution
		HideSolutionNode = FALSE
	EndGlobalSection
	GlobalSection(ExtensibilityGlobals) = postSolution
		SolutionGuid = {EF560F89-D8CD-47A1-9908-F7CD732CEBDD}
	EndGlobalSection
EndGlobal
